PODS:
  - PagingButton (0.1.2):
    - SDWebImage
  - SDWebImage (4.0.0):
    - SDWebImage/Core (= 4.0.0)
  - SDWebImage/Core (4.0.0)

DEPENDENCIES:
  - PagingButton

SPEC CHECKSUMS:
  PagingButton: c7190444dc17a6df284614c148f2a108e8510f2a
  SDWebImage: 76a6348bdc74eb5a55dd08a091ef298e56b55e41

PODFILE CHECKSUM: a2f8f964204bcf95fadab98e18aff1097813f375

COCOAPODS: 1.2.1
