PODS:
  - PagingButton (0.1.7):
    - SDWebImage
  - SDWebImage (4.0.0):
    - SDWebImage/Core (= 4.0.0)
  - SDWebImage/Core (4.0.0)

DEPENDENCIES:
  - PagingButton

SPEC CHECKSUMS:
  PagingButton: 8fcdf8e811bd7c894e2aaaa7f13dea08f4d3bf1d
  SDWebImage: 76a6348bdc74eb5a55dd08a091ef298e56b55e41

PODFILE CHECKSUM: a2f8f964204bcf95fadab98e18aff1097813f375

COCOAPODS: 1.2.1
